
Microsoft Visual Studio Solution File, Format Version 12.00
# Visual Studio 2012
Project("{FAE04EC0-301F-11D3-BF4B-00C04F79EFBC}") = "sigom", "sigom\sigom.csproj", "{6525C847-B129-45F8-A82D-6A34D0FDCA06}"
EndProject
Global
	GlobalSection(SolutionConfigurationPlatforms) = preSolution
		Debug|x86 = Debug|x86
		Release|x86 = Release|x86
	EndGlobalSection
	GlobalSection(ProjectConfigurationPlatforms) = postSolution
		{6525C847-B129-45F8-A82D-6A34D0FDCA06}.Debug|x86.ActiveCfg = Debug|x86
		{6525C847-B129-45F8-A82D-6A34D0FDCA06}.Debug|x86.Build.0 = Debug|x86
		{6525C847-B129-45F8-A82D-6A34D0FDCA06}.Release|x86.ActiveCfg = Release|x86
		{6525C847-B129-45F8-A82D-6A34D0FDCA06}.Release|x86.Build.0 = Release|x86
	EndGlobalSection
EndGlobal
